
Microsoft Visual Studio Solution File, Format Version 12.00
# Visual Studio 14
VisualStudioVersion = 14.0.25420.1
MinimumVisualStudioVersion = 10.0.40219.1
Project("{FAE04EC0-301F-11D3-BF4B-00C04F79EFBC}") = "ZooKeeperAdapter", "ZooKeeperAdapter\ZooKeeperAdapter.csproj", "{AFB3CD8B-BDA0-4821-ABDF-83BC647C3956}"
EndProject
Project("{FAE04EC0-301F-11D3-BF4B-00C04F79EFBC}") = "UnitTestZooKeeperAdapter", "UnitTestZooKeeperAdapter\UnitTestZooKeeperAdapter.csproj", "{17D2221C-54B8-4DEB-9EEC-B9522AEDA723}"
EndProject
Global
	GlobalSection(SolutionConfigurationPlatforms) = preSolution
		Debug|Any CPU = Debug|Any CPU
		Release|Any CPU = Release|Any CPU
	EndGlobalSection
	GlobalSection(ProjectConfigurationPlatforms) = postSolution
		{AFB3CD8B-BDA0-4821-ABDF-83BC647C3956}.Debug|Any CPU.ActiveCfg = Debug|Any CPU
		{AFB3CD8B-BDA0-4821-ABDF-83BC647C3956}.Debug|Any CPU.Build.0 = Debug|Any CPU
		{AFB3CD8B-BDA0-4821-ABDF-83BC647C3956}.Release|Any CPU.ActiveCfg = Release|Any CPU
		{AFB3CD8B-BDA0-4821-ABDF-83BC647C3956}.Release|Any CPU.Build.0 = Release|Any CPU
		{17D2221C-54B8-4DEB-9EEC-B9522AEDA723}.Debug|Any CPU.ActiveCfg = Debug|Any CPU
		{17D2221C-54B8-4DEB-9EEC-B9522AEDA723}.Debug|Any CPU.Build.0 = Debug|Any CPU
		{17D2221C-54B8-4DEB-9EEC-B9522AEDA723}.Release|Any CPU.ActiveCfg = Release|Any CPU
		{17D2221C-54B8-4DEB-9EEC-B9522AEDA723}.Release|Any CPU.Build.0 = Release|Any CPU
	EndGlobalSection
	GlobalSection(SolutionProperties) = preSolution
		HideSolutionNode = FALSE
	EndGlobalSection
EndGlobal
